
Microsoft Visual Studio Solution File, Format Version 12.00
# Visual Studio Version 17
VisualStudioVersion = 17.12.35527.113
MinimumVisualStudioVersion = 10.0.40219.1
Project("{FAE04EC0-301F-11D3-BF4B-00C04F79EFBC}") = "LLMTrader_WPF", "LLMTrader_WPF\LLMTrader_WPF.csproj", "{4F692065-8034-45C0-9A3B-5361CD02D4D2}"
EndProject
Project("{FAE04EC0-301F-11D3-BF4B-00C04F79EFBC}") = "Models", "Models\Models.csproj", "{1EFDE86D-075D-4B6B-B478-34C3ED668A2E}"
EndProject
Project("{FAE04EC0-301F-11D3-BF4B-00C04F79EFBC}") = "Core", "Core\Core.csproj", "{2FC17D4B-DF76-45A2-80AA-99C9D6512A37}"
EndProject
Project("{2150E333-8FDC-42A3-9474-1A3956D46DE8}") = "Solution Items", "Solution Items", "{ED05ED32-0C1D-464F-9E39-1DCB6CFF46A8}"
	ProjectSection(SolutionItems) = preProject
		.editorconfig = .editorconfig
	EndProjectSection
EndProject
Global
	GlobalSection(SolutionConfigurationPlatforms) = preSolution
		Debug|Any CPU = Debug|Any CPU
		Release|Any CPU = Release|Any CPU
	EndGlobalSection
	GlobalSection(ProjectConfigurationPlatforms) = postSolution
		{4F692065-8034-45C0-9A3B-5361CD02D4D2}.Debug|Any CPU.ActiveCfg = Debug|Any CPU
		{4F692065-8034-45C0-9A3B-5361CD02D4D2}.Debug|Any CPU.Build.0 = Debug|Any CPU
		{4F692065-8034-45C0-9A3B-5361CD02D4D2}.Release|Any CPU.ActiveCfg = Release|Any CPU
		{4F692065-8034-45C0-9A3B-5361CD02D4D2}.Release|Any CPU.Build.0 = Release|Any CPU
		{1EFDE86D-075D-4B6B-B478-34C3ED668A2E}.Debug|Any CPU.ActiveCfg = Debug|Any CPU
		{1EFDE86D-075D-4B6B-B478-34C3ED668A2E}.Debug|Any CPU.Build.0 = Debug|Any CPU
		{1EFDE86D-075D-4B6B-B478-34C3ED668A2E}.Release|Any CPU.ActiveCfg = Release|Any CPU
		{1EFDE86D-075D-4B6B-B478-34C3ED668A2E}.Release|Any CPU.Build.0 = Release|Any CPU
		{2FC17D4B-DF76-45A2-80AA-99C9D6512A37}.Debug|Any CPU.ActiveCfg = Debug|Any CPU
		{2FC17D4B-DF76-45A2-80AA-99C9D6512A37}.Debug|Any CPU.Build.0 = Debug|Any CPU
		{2FC17D4B-DF76-45A2-80AA-99C9D6512A37}.Release|Any CPU.ActiveCfg = Release|Any CPU
		{2FC17D4B-DF76-45A2-80AA-99C9D6512A37}.Release|Any CPU.Build.0 = Release|Any CPU
	EndGlobalSection
	GlobalSection(SolutionProperties) = preSolution
		HideSolutionNode = FALSE
	EndGlobalSection
EndGlobal
